
Microsoft Visual Studio Solution File, Format Version 12.00
# Visual Studio Version 17
VisualStudioVersion = 17.4.33205.214
MinimumVisualStudioVersion = 10.0.40219.1
Project("{FAE04EC0-301F-11D3-BF4B-00C04F79EFBC}") = "AssemblyFixer", "AssemblyFixer.csproj", "{8C63A8A3-8C2D-4F86-BEBC-0132AAED9B38}"
EndProject
Global
	GlobalSection(SolutionConfigurationPlatforms) = preSolution
		Debug|Any CPU = Debug|Any CPU
		Release|Any CPU = Release|Any CPU
	EndGlobalSection
	GlobalSection(ProjectConfigurationPlatforms) = postSolution
		{8C63A8A3-8C2D-4F86-BEBC-0132AAED9B38}.Debug|Any CPU.ActiveCfg = Debug|Any CPU
		{8C63A8A3-8C2D-4F86-BEBC-0132AAED9B38}.Debug|Any CPU.Build.0 = Debug|Any CPU
		{8C63A8A3-8C2D-4F86-BEBC-0132AAED9B38}.Release|Any CPU.ActiveCfg = Release|Any CPU
		{8C63A8A3-8C2D-4F86-BEBC-0132AAED9B38}.Release|Any CPU.Build.0 = Release|Any CPU
	EndGlobalSection
	GlobalSection(SolutionProperties) = preSolution
		HideSolutionNode = FALSE
	EndGlobalSection
	GlobalSection(ExtensibilityGlobals) = postSolution
		SolutionGuid = {35DF46AC-17E5-490B-97BF-EB8525469385}
	EndGlobalSection
EndGlobal
